
Microsoft Visual Studio Solution File, Format Version 12.00
# Visual Studio Version 17
VisualStudioVersion = 17.11.35312.102
MinimumVisualStudioVersion = 10.0.40219.1
Project("{FAE04EC0-301F-11D3-BF4B-00C04F79EFBC}") = "WinFormsApp5", "WinFormsApp5\WinFormsApp5.csproj", "{4307399B-A623-48E4-8130-AEEB372340D2}"
EndProject
Global
	GlobalSection(SolutionConfigurationPlatforms) = preSolution
		Debug|Any CPU = Debug|Any CPU
		Release|Any CPU = Release|Any CPU
	EndGlobalSection
	GlobalSection(ProjectConfigurationPlatforms) = postSolution
		{4307399B-A623-48E4-8130-AEEB372340D2}.Debug|Any CPU.ActiveCfg = Debug|Any CPU
		{4307399B-A623-48E4-8130-AEEB372340D2}.Debug|Any CPU.Build.0 = Debug|Any CPU
		{4307399B-A623-48E4-8130-AEEB372340D2}.Release|Any CPU.ActiveCfg = Release|Any CPU
		{4307399B-A623-48E4-8130-AEEB372340D2}.Release|Any CPU.Build.0 = Release|Any CPU
	EndGlobalSection
	GlobalSection(SolutionProperties) = preSolution
		HideSolutionNode = FALSE
	EndGlobalSection
	GlobalSection(ExtensibilityGlobals) = postSolution
		SolutionGuid = {6B26B54F-23EB-4BD7-9FDF-A98C9FF1D5CE}
	EndGlobalSection
EndGlobal
